
Microsoft Visual Studio Solution File, Format Version 12.00
# Visual Studio Version 17
VisualStudioVersion = 17.0.31903.59
MinimumVisualStudioVersion = 10.0.40219.1

# Solution Folders
Project("{2150E333-8FDC-42A3-9474-1A3956D46DE8}") = "backend", "backend", "{1AE8ACA6-933B-BF2A-3671-3E2EAC007D16}"
EndProject
Project("{2150E333-8FDC-42A3-9474-1A3956D46DE8}") = "src", "src", "{0F9113EE-888A-26D2-68B0-4A7D0A2A8745}"
EndProject
Project("{2150E333-8FDC-42A3-9474-1A3956D46DE8}") = "docs", "docs", "{D1234567-DOCS-DOCS-DOCS-000000000001}"
	ProjectSection(SolutionItems) = preProject
		docs\ARCHITECTURE.md = docs\ARCHITECTURE.md
		docs\API_CONTRACT.md = docs\API_CONTRACT.md
		docs\AUTHENTICATION_REQUIREMENTS.md = docs\AUTHENTICATION_REQUIREMENTS.md
		docs\DATA_MODEL_REQUIREMENTS.md = docs\DATA_MODEL_REQUIREMENTS.md
		docs\DB_SCHEMA.md = docs\DB_SCHEMA.md
		docs\MIGRATIONS.md = docs\MIGRATIONS.md
		docs\ONLINE_LIB_MVP_PLAN.md = docs\ONLINE_LIB_MVP_PLAN.md
		docs\PROJECT_SUMMARY.md = docs\PROJECT_SUMMARY.md
		docs\SECURITY_DECISIONS.md = docs\SECURITY_DECISIONS.md
		docs\STORAGE_AND_RESILIENCE.md = docs\STORAGE_AND_RESILIENCE.md
		docs\STORAGE_AND_RESILIENCE_DECISION.md = docs\STORAGE_AND_RESILIENCE_DECISION.md
		docs\admin-tool.md = docs\admin-tool.md
		docs\architecture-multilang.md = docs\architecture-multilang.md
		docs\bookmate-like-reader-spec.md = docs\bookmate-like-reader-spec.md
		docs\claude-code-agenda-seo-urls.md = docs\claude-code-agenda-seo-urls.md
		docs\db-multilang.md = docs\db-multilang.md
		docs\db.md = docs\db.md
		docs\infrastructure.md = docs\infrastructure.md
		docs\persistence_structure.md = docs\persistence_structure.md
	EndProjectSection
EndProject
Project("{2150E333-8FDC-42A3-9474-1A3956D46DE8}") = "Solution Items", "Solution Items", "{D1234567-ROOT-ROOT-ROOT-000000000002}"
	ProjectSection(SolutionItems) = preProject
		README.md = README.md
		CHANGELOG.md = CHANGELOG.md
		CLAUDE.md = CLAUDE.md
		.env = .env
		docker-compose.yml = docker-compose.yml
		.gitignore = .gitignore
	EndProjectSection
EndProject
Project("{2150E333-8FDC-42A3-9474-1A3956D46DE8}") = "apps", "apps", "{D1234567-APPS-APPS-APPS-000000000003}"
EndProject
Project("{2150E333-8FDC-42A3-9474-1A3956D46DE8}") = "web", "web", "{D1234567-WEBX-WEBX-WEBX-000000000004}"
	ProjectSection(SolutionItems) = preProject
		apps\web\package.json = apps\web\package.json
		apps\web\tsconfig.json = apps\web\tsconfig.json
		apps\web\vite.config.ts = apps\web\vite.config.ts
		apps\web\index.html = apps\web\index.html
	EndProjectSection
EndProject
Project("{2150E333-8FDC-42A3-9474-1A3956D46DE8}") = "admin", "admin", "{D1234567-ADMN-ADMN-ADMN-000000000005}"
	ProjectSection(SolutionItems) = preProject
		apps\admin\package.json = apps\admin\package.json
		apps\admin\tsconfig.json = apps\admin\tsconfig.json
		apps\admin\vite.config.ts = apps\admin\vite.config.ts
		apps\admin\index.html = apps\admin\index.html
	EndProjectSection
EndProject
Project("{2150E333-8FDC-42A3-9474-1A3956D46DE8}") = "docker", "docker", "{D1234567-DOCK-DOCK-DOCK-000000000006}"
	ProjectSection(SolutionItems) = preProject
		backend\src\Api\Dockerfile = backend\src\Api\Dockerfile
		backend\src\Worker\Dockerfile = backend\src\Worker\Dockerfile
	EndProjectSection
EndProject

# C# Projects
Project("{FAE04EC0-301F-11D3-BF4B-00C04F79EFBC}") = "Api", "backend\src\Api\Api.csproj", "{8423791E-B092-4766-97A6-1FAD65B23A96}"
EndProject
Project("{FAE04EC0-301F-11D3-BF4B-00C04F79EFBC}") = "Infrastructure", "backend\src\Infrastructure\Infrastructure.csproj", "{87417921-0C66-4A75-9E09-E9169C187BC2}"
EndProject
Project("{FAE04EC0-301F-11D3-BF4B-00C04F79EFBC}") = "Domain", "backend\src\Domain\Domain.csproj", "{8B443B5B-B74A-4E99-B1D6-264A7EA64788}"
EndProject
Project("{FAE04EC0-301F-11D3-BF4B-00C04F79EFBC}") = "Contracts", "backend\src\Contracts\Contracts.csproj", "{A2C44F5B-1945-4125-BBCE-694D5C8F59EE}"
EndProject
Project("{FAE04EC0-301F-11D3-BF4B-00C04F79EFBC}") = "Worker", "backend\src\Worker\Worker.csproj", "{941C36A0-AE7A-4F6D-99D2-7D04F5609F58}"
EndProject

Global
	GlobalSection(SolutionConfigurationPlatforms) = preSolution
		Debug|Any CPU = Debug|Any CPU
		Release|Any CPU = Release|Any CPU
	EndGlobalSection
	GlobalSection(ProjectConfigurationPlatforms) = postSolution
		{8423791E-B092-4766-97A6-1FAD65B23A96}.Debug|Any CPU.ActiveCfg = Debug|Any CPU
		{8423791E-B092-4766-97A6-1FAD65B23A96}.Debug|Any CPU.Build.0 = Debug|Any CPU
		{8423791E-B092-4766-97A6-1FAD65B23A96}.Release|Any CPU.ActiveCfg = Release|Any CPU
		{8423791E-B092-4766-97A6-1FAD65B23A96}.Release|Any CPU.Build.0 = Release|Any CPU
		{87417921-0C66-4A75-9E09-E9169C187BC2}.Debug|Any CPU.ActiveCfg = Debug|Any CPU
		{87417921-0C66-4A75-9E09-E9169C187BC2}.Debug|Any CPU.Build.0 = Debug|Any CPU
		{87417921-0C66-4A75-9E09-E9169C187BC2}.Release|Any CPU.ActiveCfg = Release|Any CPU
		{87417921-0C66-4A75-9E09-E9169C187BC2}.Release|Any CPU.Build.0 = Release|Any CPU
		{8B443B5B-B74A-4E99-B1D6-264A7EA64788}.Debug|Any CPU.ActiveCfg = Debug|Any CPU
		{8B443B5B-B74A-4E99-B1D6-264A7EA64788}.Debug|Any CPU.Build.0 = Debug|Any CPU
		{8B443B5B-B74A-4E99-B1D6-264A7EA64788}.Release|Any CPU.ActiveCfg = Release|Any CPU
		{8B443B5B-B74A-4E99-B1D6-264A7EA64788}.Release|Any CPU.Build.0 = Release|Any CPU
		{A2C44F5B-1945-4125-BBCE-694D5C8F59EE}.Debug|Any CPU.ActiveCfg = Debug|Any CPU
		{A2C44F5B-1945-4125-BBCE-694D5C8F59EE}.Debug|Any CPU.Build.0 = Debug|Any CPU
		{A2C44F5B-1945-4125-BBCE-694D5C8F59EE}.Release|Any CPU.ActiveCfg = Release|Any CPU
		{A2C44F5B-1945-4125-BBCE-694D5C8F59EE}.Release|Any CPU.Build.0 = Release|Any CPU
		{941C36A0-AE7A-4F6D-99D2-7D04F5609F58}.Debug|Any CPU.ActiveCfg = Debug|Any CPU
		{941C36A0-AE7A-4F6D-99D2-7D04F5609F58}.Debug|Any CPU.Build.0 = Debug|Any CPU
		{941C36A0-AE7A-4F6D-99D2-7D04F5609F58}.Release|Any CPU.ActiveCfg = Release|Any CPU
		{941C36A0-AE7A-4F6D-99D2-7D04F5609F58}.Release|Any CPU.Build.0 = Release|Any CPU
	EndGlobalSection
	GlobalSection(SolutionProperties) = preSolution
		HideSolutionNode = FALSE
	EndGlobalSection
	GlobalSection(NestedProjects) = preSolution
		{0F9113EE-888A-26D2-68B0-4A7D0A2A8745} = {1AE8ACA6-933B-BF2A-3671-3E2EAC007D16}
		{8423791E-B092-4766-97A6-1FAD65B23A96} = {0F9113EE-888A-26D2-68B0-4A7D0A2A8745}
		{87417921-0C66-4A75-9E09-E9169C187BC2} = {0F9113EE-888A-26D2-68B0-4A7D0A2A8745}
		{8B443B5B-B74A-4E99-B1D6-264A7EA64788} = {0F9113EE-888A-26D2-68B0-4A7D0A2A8745}
		{A2C44F5B-1945-4125-BBCE-694D5C8F59EE} = {0F9113EE-888A-26D2-68B0-4A7D0A2A8745}
		{941C36A0-AE7A-4F6D-99D2-7D04F5609F58} = {0F9113EE-888A-26D2-68B0-4A7D0A2A8745}
		{D1234567-WEBX-WEBX-WEBX-000000000004} = {D1234567-APPS-APPS-APPS-000000000003}
		{D1234567-ADMN-ADMN-ADMN-000000000005} = {D1234567-APPS-APPS-APPS-000000000003}
	EndGlobalSection
EndGlobal
